Microsoft Visual Studio Solution File, Format Version 12.00
# Visual Studio Version 17
VisualStudioVersion = 17.5.2.0
MinimumVisualStudioVersion = 10.0.40219.1
Project("{FAE04EC0-301F-11D3-BF4B-00C04F79EFBC}") = "az204-cosmos", "az204-cosmos.csproj", "{A2F36499-08FD-4427-8A62-1F488B83D299}"
EndProject
Global
	GlobalSection(SolutionConfigurationPlatforms) = preSolution
		Debug|Any CPU = Debug|Any CPU
		Release|Any CPU = Release|Any CPU
	EndGlobalSection
	GlobalSection(ProjectConfigurationPlatforms) = postSolution
		{A2F36499-08FD-4427-8A62-1F488B83D299}.Debug|Any CPU.ActiveCfg = Debug|Any CPU
		{A2F36499-08FD-4427-8A62-1F488B83D299}.Debug|Any CPU.Build.0 = Debug|Any CPU
		{A2F36499-08FD-4427-8A62-1F488B83D299}.Release|Any CPU.ActiveCfg = Release|Any CPU
		{A2F36499-08FD-4427-8A62-1F488B83D299}.Release|Any CPU.Build.0 = Release|Any CPU
	EndGlobalSection
	GlobalSection(SolutionProperties) = preSolution
		HideSolutionNode = FALSE
	EndGlobalSection
	GlobalSection(ExtensibilityGlobals) = postSolution
		SolutionGuid = {22750405-065F-49E5-8F56-13EDC181D0B8}
	EndGlobalSection
EndGlobal
